lockfileVersion: '9.0'

settings:
  autoInstallPeers: true
  excludeLinksFromLockfile: false

importers:

  .:
    dependencies:
      universal-cookie:
        specifier: ^7.1.4
        version: 7.1.4

packages:

  '@types/cookie@0.6.0':
    resolution: {integrity: sha512-4Kh9a6B2bQciAhf7FSuMRRkUWecJgJu9nPnx3yzpsfXX/c50REIqpHY4C82bXP90qrLtXtkDxTZosYO3UpOwlA==}

  cookie@0.6.0:
    resolution: {integrity: sha512-U71cyTamuh1CRNCfpGY6to28lxvNwPG4Guz/EVjgf3Jmzv0vlDp1atT9eS5dDjMYHucpHbWns6Lwf3BKz6svdw==}
    engines: {node: '>= 0.6'}

  universal-cookie@7.1.4:
    resolution: {integrity: sha512-Q+DVJsdykStWRMtXr2Pdj3EF98qZHUH/fXv/gwFz/unyToy1Ek1w5GsWt53Pf38tT8Gbcy5QNsj61Xe9TggP4g==}

snapshots:

  '@types/cookie@0.6.0': {}

  cookie@0.6.0: {}

  universal-cookie@7.1.4:
    dependencies:
      '@types/cookie': 0.6.0
      cookie: 0.6.0
